# This file is autogenerated, do not edit; changes may be undone by the next 'dep ensure'.


[[projects]]
  name = "github.com/renra/go-errtrace"
  packages = ["errtrace"]
  revision = "2e300f4351eebb9e8068ef7dab8361cac541affd"
  version = "v1.1.0"

[solve-meta]
  analyzer-name = "dep"
  analyzer-version = 1
  inputs-digest = "ff477f8ac60143d431812d1edb7875a55ef8dec7ec47924507523aa7497b90c2"
  solver-name = "gps-cdcl"
  solver-version = 1
